
Microsoft Visual Studio Solution File, Format Version 12.00
# Visual Studio 2017
Project("{FAE04EC0-301F-11D3-BF4B-00C04F79EFBC}") = "Florida Man 2.1.9", "Florida Man 2.1.9.csproj", "{A0716866-7DD1-3D30-D986-ED94AD8E2F55}"
EndProject
Global
	GlobalSection(SolutionConfigurationPlatforms) = preSolution
		Debug|Any CPU = Debug|Any CPU
		Release|Any CPU = Release|Any CPU
	EndGlobalSection
	GlobalSection(ProjectConfigurationPlatforms) = postSolution
		{A0716866-7DD1-3D30-D986-ED94AD8E2F55}.Debug|Any CPU.ActiveCfg = Debug|Any CPU
		{A0716866-7DD1-3D30-D986-ED94AD8E2F55}.Debug|Any CPU.Build.0 = Debug|Any CPU
		{A0716866-7DD1-3D30-D986-ED94AD8E2F55}.Release|Any CPU.ActiveCfg = Release|Any CPU
		{A0716866-7DD1-3D30-D986-ED94AD8E2F55}.Release|Any CPU.Build.0 = Release|Any CPU
	EndGlobalSection
	GlobalSection(SolutionProperties) = preSolution
		HideSolutionNode = FALSE
	EndGlobalSection
EndGlobal
